<?xml version="1.0" encoding="UTF-8" standalone="yes" ?>
<CodeBlocks_project_file>
	<FileVersion major="1" minor="6" />
	<Project>
		<Option title="TOJam" />
		<Option pch_mode="2" />
		<Option compiler="gcc" />
		<Build>
			<Target title="Debug">
				<Option output="bin\Debug\TOJam" prefix_auto="1" extension_auto="1" />
				<Option object_output="obj\Debug\" />
				<Option type="1" />
				<Option compiler="gcc" />
				<Compiler>
					<Add option="-g" />
				</Compiler>
			</Target>
			<Target title="Release">
				<Option output="bin\Release\TOJam" prefix_auto="1" extension_auto="1" />
				<Option object_output="obj\Release\" />
				<Option type="1" />
				<Option compiler="gcc" />
				<Compiler>
					<Add option="-O2" />
				</Compiler>
				<Linker>
					<Add option="-s" />
				</Linker>
			</Target>
		</Build>
		<Compiler>
			<Add option="-Wall" />
		</Compiler>
		<Unit filename="CAnimation.cpp" />
		<Unit filename="CAnimation.h" />
		<Unit filename="CApp.cpp" />
		<Unit filename="CApp.h" />
		<Unit filename="CCitizen.cpp" />
		<Unit filename="CCitizen.h" />
		<Unit filename="CCity.cpp" />
		<Unit filename="CCity.h" />
		<Unit filename="CEntity.cpp" />
		<Unit filename="CEntity.h" />
		<Unit filename="CEvent.cpp" />
		<Unit filename="CEvent.h" />
		<Unit filename="CFPS.cpp" />
		<Unit filename="CFPS.h" />
		<Unit filename="CInventory.cpp" />
		<Unit filename="CInventory.h" />
		<Unit filename="CMenu.cpp" />
		<Unit filename="CMenu.h" />
		<Unit filename="COverview.cpp" />
		<Unit filename="COverview.h" />
		<Unit filename="CPanel.cpp" />
		<Unit filename="CPanel.h" />
		<Unit filename="CStats.cpp" />
		<Unit filename="CStats.h" />
		<Unit filename="CSurface.cpp" />
		<Unit filename="CSurface.h" />
		<Unit filename="CTextBox.cpp" />
		<Unit filename="CTextBox.h" />
		<Unit filename="Define.h" />
		<Extensions>
			<code_completion />
			<debugger />
		</Extensions>
	</Project>
</CodeBlocks_project_file>
